
Microsoft Visual Studio Solution File, Format Version 12.00
# Visual Studio Version 16
VisualStudioVersion = 16.0.31410.357
MinimumVisualStudioVersion = 10.0.40219.1
Project("{FAE04EC0-301F-11D3-BF4B-00C04F79EFBC}") = "NewPJ", "NewPJ\NewPJ.csproj", "{A6347AF6-A6C5-458A-B670-9CF3A907FC6C}"
EndProject
Global
	GlobalSection(SolutionConfigurationPlatforms) = preSolution
		Debug|Any CPU = Debug|Any CPU
		Release|Any CPU = Release|Any CPU
	EndGlobalSection
	GlobalSection(ProjectConfigurationPlatforms) = postSolution
		{A6347AF6-A6C5-458A-B670-9CF3A907FC6C}.Debug|Any CPU.ActiveCfg = Debug|Any CPU
		{A6347AF6-A6C5-458A-B670-9CF3A907FC6C}.Debug|Any CPU.Build.0 = Debug|Any CPU
		{A6347AF6-A6C5-458A-B670-9CF3A907FC6C}.Release|Any CPU.ActiveCfg = Release|Any CPU
		{A6347AF6-A6C5-458A-B670-9CF3A907FC6C}.Release|Any CPU.Build.0 = Release|Any CPU
	EndGlobalSection
	GlobalSection(SolutionProperties) = preSolution
		HideSolutionNode = FALSE
	EndGlobalSection
	GlobalSection(ExtensibilityGlobals) = postSolution
		SolutionGuid = {016464E4-DEFC-4878-A38F-FE5D83C2FE5B}
	EndGlobalSection
EndGlobal
